
Microsoft Visual Studio Solution File, Format Version 12.00
# Visual Studio Version 16
VisualStudioVersion = 16.0.31005.135
MinimumVisualStudioVersion = 10.0.40219.1
Project("{9A19103F-16F7-4668-BE54-9A1E7A4F7556}") = "BitManipulation", "BitManipulation\BitManipulation.csproj", "{97173DE2-FCA1-4E03-A4CB-ABB415FE5E6A}"
EndProject
Project("{FAE04EC0-301F-11D3-BF4B-00C04F79EFBC}") = "BitManipulationTesting", "BitManipulationTesting\BitManipulationTesting.csproj", "{385B1BE0-A250-478F-9585-BCE610358693}"
EndProject
Global
	GlobalSection(SolutionConfigurationPlatforms) = preSolution
		Debug|Any CPU = Debug|Any CPU
		Release|Any CPU = Release|Any CPU
	EndGlobalSection
	GlobalSection(ProjectConfigurationPlatforms) = postSolution
		{97173DE2-FCA1-4E03-A4CB-ABB415FE5E6A}.Debug|Any CPU.ActiveCfg = Debug|Any CPU
		{97173DE2-FCA1-4E03-A4CB-ABB415FE5E6A}.Debug|Any CPU.Build.0 = Debug|Any CPU
		{97173DE2-FCA1-4E03-A4CB-ABB415FE5E6A}.Release|Any CPU.ActiveCfg = Release|Any CPU
		{97173DE2-FCA1-4E03-A4CB-ABB415FE5E6A}.Release|Any CPU.Build.0 = Release|Any CPU
		{385B1BE0-A250-478F-9585-BCE610358693}.Debug|Any CPU.ActiveCfg = Debug|Any CPU
		{385B1BE0-A250-478F-9585-BCE610358693}.Debug|Any CPU.Build.0 = Debug|Any CPU
		{385B1BE0-A250-478F-9585-BCE610358693}.Release|Any CPU.ActiveCfg = Release|Any CPU
		{385B1BE0-A250-478F-9585-BCE610358693}.Release|Any CPU.Build.0 = Release|Any CPU
	EndGlobalSection
	GlobalSection(SolutionProperties) = preSolution
		HideSolutionNode = FALSE
	EndGlobalSection
	GlobalSection(ExtensibilityGlobals) = postSolution
		SolutionGuid = {41EB2130-FA49-410E-BB1D-C8FFD93A0FD9}
	EndGlobalSection
EndGlobal
